
Microsoft Visual Studio Solution File, Format Version 11.00
# Visual Studio 2010
Project("{FAE04EC0-301F-11D3-BF4B-00C04F79EFBC}") = "OpinionMining", "OpinionMining\OpinionMining.csproj", "{B3B841CF-348C-4541-A2A0-AAE4700CC599}"
EndProject
Project("{FAE04EC0-301F-11D3-BF4B-00C04F79EFBC}") = "Work", "Work\Work.csproj", "{67D45A30-290A-499C-ABC1-6E947F933298}"
EndProject
Global
	GlobalSection(SolutionConfigurationPlatforms) = preSolution
		Debug|Any CPU = Debug|Any CPU
		Debug|Mixed Platforms = Debug|Mixed Platforms
		Debug|x86 = Debug|x86
		Release|Any CPU = Release|Any CPU
		Release|Mixed Platforms = Release|Mixed Platforms
		Release|x86 = Release|x86
	EndGlobalSection
	GlobalSection(ProjectConfigurationPlatforms) = postSolution
		{B3B841CF-348C-4541-A2A0-AAE4700CC599}.Debug|Any CPU.ActiveCfg = Debug|x86
		{B3B841CF-348C-4541-A2A0-AAE4700CC599}.Debug|Mixed Platforms.ActiveCfg = Debug|x86
		{B3B841CF-348C-4541-A2A0-AAE4700CC599}.Debug|Mixed Platforms.Build.0 = Debug|x86
		{B3B841CF-348C-4541-A2A0-AAE4700CC599}.Debug|x86.ActiveCfg = Debug|x86
		{B3B841CF-348C-4541-A2A0-AAE4700CC599}.Debug|x86.Build.0 = Debug|x86
		{B3B841CF-348C-4541-A2A0-AAE4700CC599}.Release|Any CPU.ActiveCfg = Release|x86
		{B3B841CF-348C-4541-A2A0-AAE4700CC599}.Release|Mixed Platforms.ActiveCfg = Release|x86
		{B3B841CF-348C-4541-A2A0-AAE4700CC599}.Release|Mixed Platforms.Build.0 = Release|x86
		{B3B841CF-348C-4541-A2A0-AAE4700CC599}.Release|x86.ActiveCfg = Release|x86
		{B3B841CF-348C-4541-A2A0-AAE4700CC599}.Release|x86.Build.0 = Release|x86
		{67D45A30-290A-499C-ABC1-6E947F933298}.Debug|Any CPU.ActiveCfg = Debug|Any CPU
		{67D45A30-290A-499C-ABC1-6E947F933298}.Debug|Any CPU.Build.0 = Debug|Any CPU
		{67D45A30-290A-499C-ABC1-6E947F933298}.Debug|Mixed Platforms.ActiveCfg = Debug|Any CPU
		{67D45A30-290A-499C-ABC1-6E947F933298}.Debug|Mixed Platforms.Build.0 = Debug|Any CPU
		{67D45A30-290A-499C-ABC1-6E947F933298}.Debug|x86.ActiveCfg = Debug|Any CPU
		{67D45A30-290A-499C-ABC1-6E947F933298}.Release|Any CPU.ActiveCfg = Release|Any CPU
		{67D45A30-290A-499C-ABC1-6E947F933298}.Release|Any CPU.Build.0 = Release|Any CPU
		{67D45A30-290A-499C-ABC1-6E947F933298}.Release|Mixed Platforms.ActiveCfg = Release|Any CPU
		{67D45A30-290A-499C-ABC1-6E947F933298}.Release|Mixed Platforms.Build.0 = Release|Any CPU
		{67D45A30-290A-499C-ABC1-6E947F933298}.Release|x86.ActiveCfg = Release|Any CPU
	EndGlobalSection
	GlobalSection(SolutionProperties) = preSolution
		HideSolutionNode = FALSE
	EndGlobalSection
EndGlobal
